
Microsoft Visual Studio Solution File, Format Version 12.00
# Visual Studio 15
VisualStudioVersion = 15.0.27130.2010
MinimumVisualStudioVersion = 10.0.40219.1
Project("{888888A0-9F3D-457C-B088-3A5042F75D52}") = "voicetext_api", "voicetext_api\voicetext_api.pyproj", "{9DFF15BF-EF12-4315-97F9-D4AA2F0536C8}"
EndProject
Global
	GlobalSection(SolutionConfigurationPlatforms) = preSolution
		Debug|Any CPU = Debug|Any CPU
		Release|Any CPU = Release|Any CPU
	EndGlobalSection
	GlobalSection(ProjectConfigurationPlatforms) = postSolution
		{9DFF15BF-EF12-4315-97F9-D4AA2F0536C8}.Debug|Any CPU.ActiveCfg = Debug|Any CPU
		{9DFF15BF-EF12-4315-97F9-D4AA2F0536C8}.Release|Any CPU.ActiveCfg = Release|Any CPU
	EndGlobalSection
	GlobalSection(SolutionProperties) = preSolution
		HideSolutionNode = FALSE
	EndGlobalSection
	GlobalSection(ExtensibilityGlobals) = postSolution
		SolutionGuid = {D3E73095-F6DA-4AB1-A88E-D5CAF9FE2AC3}
	EndGlobalSection
EndGlobal
